
Microsoft Visual Studio Solution File, Format Version 12.00
# Visual Studio 15
VisualStudioVersion = 15.0.27130.2027
MinimumVisualStudioVersion = 10.0.40219.1
Project("{9A19103F-16F7-4668-BE54-9A1E7A4F7556}") = "STKProject", "STKProject\STKProject.csproj", "{77B335AE-E8F2-4F75-9715-2D2B4AC45DF4}"
EndProject
Project("{E53339B2-1760-4266-BCC7-CA923CBCF16C}") = "docker-compose", "docker-compose.dcproj", "{9C2E8FFA-3E7F-4860-AF2F-B1A99753B433}"
EndProject
Project("{FAE04EC0-301F-11D3-BF4B-00C04F79EFBC}") = "STKCore", "STKCore\STKCore.csproj", "{1627CC3F-6F9E-462D-888D-2F1F2BD7EB16}"
EndProject
Global
	GlobalSection(SolutionConfigurationPlatforms) = preSolution
		Debug|Any CPU = Debug|Any CPU
		Release|Any CPU = Release|Any CPU
	EndGlobalSection
	GlobalSection(ProjectConfigurationPlatforms) = postSolution
		{77B335AE-E8F2-4F75-9715-2D2B4AC45DF4}.Debug|Any CPU.ActiveCfg = Debug|Any CPU
		{77B335AE-E8F2-4F75-9715-2D2B4AC45DF4}.Debug|Any CPU.Build.0 = Debug|Any CPU
		{77B335AE-E8F2-4F75-9715-2D2B4AC45DF4}.Release|Any CPU.ActiveCfg = Release|Any CPU
		{77B335AE-E8F2-4F75-9715-2D2B4AC45DF4}.Release|Any CPU.Build.0 = Release|Any CPU
		{9C2E8FFA-3E7F-4860-AF2F-B1A99753B433}.Debug|Any CPU.ActiveCfg = Debug|Any CPU
		{9C2E8FFA-3E7F-4860-AF2F-B1A99753B433}.Debug|Any CPU.Build.0 = Debug|Any CPU
		{9C2E8FFA-3E7F-4860-AF2F-B1A99753B433}.Release|Any CPU.ActiveCfg = Release|Any CPU
		{9C2E8FFA-3E7F-4860-AF2F-B1A99753B433}.Release|Any CPU.Build.0 = Release|Any CPU
		{1627CC3F-6F9E-462D-888D-2F1F2BD7EB16}.Debug|Any CPU.ActiveCfg = Debug|Any CPU
		{1627CC3F-6F9E-462D-888D-2F1F2BD7EB16}.Debug|Any CPU.Build.0 = Debug|Any CPU
		{1627CC3F-6F9E-462D-888D-2F1F2BD7EB16}.Release|Any CPU.ActiveCfg = Release|Any CPU
		{1627CC3F-6F9E-462D-888D-2F1F2BD7EB16}.Release|Any CPU.Build.0 = Release|Any CPU
	EndGlobalSection
	GlobalSection(SolutionProperties) = preSolution
		HideSolutionNode = FALSE
	EndGlobalSection
	GlobalSection(ExtensibilityGlobals) = postSolution
		SolutionGuid = {3F74185D-2072-40C2-B63D-FFD4AEF8B413}
	EndGlobalSection
EndGlobal
